
Microsoft Visual Studio Solution File, Format Version 12.00
# Visual Studio 15
VisualStudioVersion = 15.0.27004.2010
MinimumVisualStudioVersion = 10.0.40219.1
Project("{FAE04EC0-301F-11D3-BF4B-00C04F79EFBC}") = "BookFormatter", "BookFormater\BookFormatter.csproj", "{D5949409-3C57-4471-B7FD-4544C293E296}"
EndProject
Project("{FAE04EC0-301F-11D3-BF4B-00C04F79EFBC}") = "DataAccess", "DataAccess\DataAccess.csproj", "{F2C9B18B-E560-4371-90B5-8E23A8873E14}"
EndProject
Project("{FAE04EC0-301F-11D3-BF4B-00C04F79EFBC}") = "BuisnessLogic", "BuisnessLogic\BuisnessLogic.csproj", "{7D855AE6-71F6-424C-8AB3-B2EA588BF1F9}"
EndProject
Project("{FAE04EC0-301F-11D3-BF4B-00C04F79EFBC}") = "Common", "Common\Common.csproj", "{C932F7A2-08E6-45C1-A5B1-0C04B8CCBB9B}"
EndProject
Project("{FAE04EC0-301F-11D3-BF4B-00C04F79EFBC}") = "Models", "Models\Models.csproj", "{5D44F607-3D32-4D8C-B9C3-8738A074C17E}"
EndProject
Project("{FAE04EC0-301F-11D3-BF4B-00C04F79EFBC}") = "BookStorageTests", "BookStorageTests\BookStorageTests.csproj", "{E7F3FA9D-82B3-402B-ACF7-290FC454234A}"
EndProject
Project("{2150E333-8FDC-42A3-9474-1A3956D46DE8}") = "Solution Items", "Solution Items", "{F7B2D334-F06F-4A73-A1BF-B6377991CE45}"
	ProjectSection(SolutionItems) = preProject
		Settings.StyleCop = Settings.StyleCop
	EndProjectSection
EndProject
Project("{FAE04EC0-301F-11D3-BF4B-00C04F79EFBC}") = "CustomLogger", "CustomLogger\CustomLogger.csproj", "{6F515FF7-EB81-4A3C-A1AB-AD2AD84377AC}"
EndProject
Project("{FAE04EC0-301F-11D3-BF4B-00C04F79EFBC}") = "ConsoleBook", "ConsoleBook\ConsoleBook.csproj", "{167FFF31-DE43-4CA4-B726-7E6A0D326D71}"
EndProject
Global
	GlobalSection(SolutionConfigurationPlatforms) = preSolution
		Debug|Any CPU = Debug|Any CPU
		Release|Any CPU = Release|Any CPU
	EndGlobalSection
	GlobalSection(ProjectConfigurationPlatforms) = postSolution
		{D5949409-3C57-4471-B7FD-4544C293E296}.Debug|Any CPU.ActiveCfg = Debug|Any CPU
		{D5949409-3C57-4471-B7FD-4544C293E296}.Debug|Any CPU.Build.0 = Debug|Any CPU
		{D5949409-3C57-4471-B7FD-4544C293E296}.Release|Any CPU.ActiveCfg = Release|Any CPU
		{D5949409-3C57-4471-B7FD-4544C293E296}.Release|Any CPU.Build.0 = Release|Any CPU
		{F2C9B18B-E560-4371-90B5-8E23A8873E14}.Debug|Any CPU.ActiveCfg = Debug|Any CPU
		{F2C9B18B-E560-4371-90B5-8E23A8873E14}.Debug|Any CPU.Build.0 = Debug|Any CPU
		{F2C9B18B-E560-4371-90B5-8E23A8873E14}.Release|Any CPU.ActiveCfg = Release|Any CPU
		{F2C9B18B-E560-4371-90B5-8E23A8873E14}.Release|Any CPU.Build.0 = Release|Any CPU
		{7D855AE6-71F6-424C-8AB3-B2EA588BF1F9}.Debug|Any CPU.ActiveCfg = Debug|Any CPU
		{7D855AE6-71F6-424C-8AB3-B2EA588BF1F9}.Debug|Any CPU.Build.0 = Debug|Any CPU
		{7D855AE6-71F6-424C-8AB3-B2EA588BF1F9}.Release|Any CPU.ActiveCfg = Release|Any CPU
		{7D855AE6-71F6-424C-8AB3-B2EA588BF1F9}.Release|Any CPU.Build.0 = Release|Any CPU
		{C932F7A2-08E6-45C1-A5B1-0C04B8CCBB9B}.Debug|Any CPU.ActiveCfg = Debug|Any CPU
		{C932F7A2-08E6-45C1-A5B1-0C04B8CCBB9B}.Debug|Any CPU.Build.0 = Debug|Any CPU
		{C932F7A2-08E6-45C1-A5B1-0C04B8CCBB9B}.Release|Any CPU.ActiveCfg = Release|Any CPU
		{C932F7A2-08E6-45C1-A5B1-0C04B8CCBB9B}.Release|Any CPU.Build.0 = Release|Any CPU
		{5D44F607-3D32-4D8C-B9C3-8738A074C17E}.Debug|Any CPU.ActiveCfg = Debug|Any CPU
		{5D44F607-3D32-4D8C-B9C3-8738A074C17E}.Debug|Any CPU.Build.0 = Debug|Any CPU
		{5D44F607-3D32-4D8C-B9C3-8738A074C17E}.Release|Any CPU.ActiveCfg = Release|Any CPU
		{5D44F607-3D32-4D8C-B9C3-8738A074C17E}.Release|Any CPU.Build.0 = Release|Any CPU
		{E7F3FA9D-82B3-402B-ACF7-290FC454234A}.Debug|Any CPU.ActiveCfg = Debug|Any CPU
		{E7F3FA9D-82B3-402B-ACF7-290FC454234A}.Debug|Any CPU.Build.0 = Debug|Any CPU
		{E7F3FA9D-82B3-402B-ACF7-290FC454234A}.Release|Any CPU.ActiveCfg = Release|Any CPU
		{E7F3FA9D-82B3-402B-ACF7-290FC454234A}.Release|Any CPU.Build.0 = Release|Any CPU
		{6F515FF7-EB81-4A3C-A1AB-AD2AD84377AC}.Debug|Any CPU.ActiveCfg = Debug|Any CPU
		{6F515FF7-EB81-4A3C-A1AB-AD2AD84377AC}.Debug|Any CPU.Build.0 = Debug|Any CPU
		{6F515FF7-EB81-4A3C-A1AB-AD2AD84377AC}.Release|Any CPU.ActiveCfg = Release|Any CPU
		{6F515FF7-EB81-4A3C-A1AB-AD2AD84377AC}.Release|Any CPU.Build.0 = Release|Any CPU
		{167FFF31-DE43-4CA4-B726-7E6A0D326D71}.Debug|Any CPU.ActiveCfg = Debug|Any CPU
		{167FFF31-DE43-4CA4-B726-7E6A0D326D71}.Debug|Any CPU.Build.0 = Debug|Any CPU
		{167FFF31-DE43-4CA4-B726-7E6A0D326D71}.Release|Any CPU.ActiveCfg = Release|Any CPU
		{167FFF31-DE43-4CA4-B726-7E6A0D326D71}.Release|Any CPU.Build.0 = Release|Any CPU
	EndGlobalSection
	GlobalSection(SolutionProperties) = preSolution
		HideSolutionNode = FALSE
	EndGlobalSection
	GlobalSection(ExtensibilityGlobals) = postSolution
		SolutionGuid = {412613AF-8B9B-4CE6-81D7-61CDF5109392}
	EndGlobalSection
EndGlobal
