
Microsoft Visual Studio Solution File, Format Version 12.00
# Visual Studio 15
VisualStudioVersion = 15.0.27004.2010
MinimumVisualStudioVersion = 10.0.40219.1
Project("{FAE04EC0-301F-11D3-BF4B-00C04F79EFBC}") = "NET.W.2018.Bey.03", "NET.W.2018.Bey.03\NET.W.2018.Bey.03.csproj", "{FBC0C738-195A-42A0-9468-FFDC3F567793}"
EndProject
Project("{FAE04EC0-301F-11D3-BF4B-00C04F79EFBC}") = "NET.W.2018.Bey.03.Tests", "NET.W.2018.Bey.03.Tests\NET.W.2018.Bey.03.Tests.csproj", "{C64C08F7-65AA-49A4-9D13-8B6E134A135B}"
EndProject
Global
	GlobalSection(SolutionConfigurationPlatforms) = preSolution
		Debug|Any CPU = Debug|Any CPU
		Release|Any CPU = Release|Any CPU
	EndGlobalSection
	GlobalSection(ProjectConfigurationPlatforms) = postSolution
		{FBC0C738-195A-42A0-9468-FFDC3F567793}.Debug|Any CPU.ActiveCfg = Debug|Any CPU
		{FBC0C738-195A-42A0-9468-FFDC3F567793}.Debug|Any CPU.Build.0 = Debug|Any CPU
		{FBC0C738-195A-42A0-9468-FFDC3F567793}.Release|Any CPU.ActiveCfg = Release|Any CPU
		{FBC0C738-195A-42A0-9468-FFDC3F567793}.Release|Any CPU.Build.0 = Release|Any CPU
		{C64C08F7-65AA-49A4-9D13-8B6E134A135B}.Debug|Any CPU.ActiveCfg = Debug|Any CPU
		{C64C08F7-65AA-49A4-9D13-8B6E134A135B}.Debug|Any CPU.Build.0 = Debug|Any CPU
		{C64C08F7-65AA-49A4-9D13-8B6E134A135B}.Release|Any CPU.ActiveCfg = Release|Any CPU
		{C64C08F7-65AA-49A4-9D13-8B6E134A135B}.Release|Any CPU.Build.0 = Release|Any CPU
	EndGlobalSection
	GlobalSection(SolutionProperties) = preSolution
		HideSolutionNode = FALSE
	EndGlobalSection
	GlobalSection(ExtensibilityGlobals) = postSolution
		SolutionGuid = {8C5A497F-9A0E-45F7-BE56-BD18F5116442}
	EndGlobalSection
EndGlobal
